{
  "name": "rustyAdvent",
  "lockfileVersion": 3,
  "requires": true,
  "packages": {
    "": {
      "dependencies": {
        "prettier": "2.8.4",
        "prettier-plugin-rust": "0.1.8"
      }
    },
    "node_modules/jinx-rust": {
      "version": "0.1.6",
      "resolved": "https://registry.npmjs.org/jinx-rust/-/jinx-rust-0.1.6.tgz",
      "integrity": "sha512-qP+wtQL1PrDDFwtPKhNGtjWOmijCrKdfUHWTV2G/ikxfjrh+cjdvkQTmny9RAsVF0jiui9m+F0INWu4cuRcZeQ=="
    },
    "node_modules/prettier": {
      "version": "2.8.4",
      "resolved": "https://registry.npmjs.org/prettier/-/prettier-2.8.4.tgz",
      "integrity": "sha512-vIS4Rlc2FNh0BySk3Wkd6xmwxB0FpOndW5fisM5H8hsZSxU2VWVB5CWIkIjWvrHjIhxk2g3bfMKM87zNTrZddw==",
      "bin": {
        "prettier": "bin-prettier.js"
      },
      "engines": {
        "node": ">=10.13.0"
      },
      "funding": {
        "url": "https://github.com/prettier/prettier?sponsor=1"
      }
    },
    "node_modules/prettier-plugin-rust": {
      "version": "0.1.8",
      "resolved": "https://registry.npmjs.org/prettier-plugin-rust/-/prettier-plugin-rust-0.1.8.tgz",
      "integrity": "sha512-ID5PXx6CQ1FUPBzowfpvTvilZtFdCEs5+VoOQezVBSVNq+LkpIl9yVQGVALDwWLkQ6P0HR36boIm8PPKFq47TQ==",
      "dependencies": {
        "jinx-rust": "0.1.6",
        "prettier": "^2.7.1"
      }
    }
  }
}
